// !$*UTF8*$!
{
	archiveVersion = 1;
	classes = {
	};
	objectVersion = 46;
	objects = {

/* Begin PBXAggregateTarget section */
		"TextPicker::TextPickerPackageTests::ProductTarget" /* TextPickerPackageTests */ = {
			isa = PBXAggregateTarget;
			buildConfigurationList = OBJ_38 /* Build configuration list for PBXAggregateTarget "TextPickerPackageTests" */;
			buildPhases = (
			);
			dependencies = (
				OBJ_41 /* PBXTargetDependency */,
			);
			name = TextPickerPackageTests;
			productName = TextPickerPackageTests;
		};
/* End PBXAggregateTarget section */

/* Begin PBXBuildFile section */
		BA5856D522A0531500161457 /* Group.swift in Sources */ = {isa = PBXBuildFile; fileRef = BA5856D422A0531500161457 /* Group.swift */; };
		BA5856D722A0532200161457 /* General.swift in Sources */ = {isa = PBXBuildFile; fileRef = BA5856D622A0532200161457 /* General.swift */; };
		BA5856D922A0536A00161457 /* TestHelpers.swift in Sources */ = {isa = PBXBuildFile; fileRef = BA5856D822A0536A00161457 /* TestHelpers.swift */; };
		OBJ_28 /* Parser.swift in Sources */ = {isa = PBXBuildFile; fileRef = OBJ_9 /* Parser.swift */; };
		OBJ_29 /* SeriesParser.swift in Sources */ = {isa = PBXBuildFile; fileRef = OBJ_10 /* SeriesParser.swift */; };
		OBJ_36 /* Package.swift in Sources */ = {isa = PBXBuildFile; fileRef = OBJ_6 /* Package.swift */; };
		OBJ_47 /* ParserTests.swift in Sources */ = {isa = PBXBuildFile; fileRef = OBJ_13 /* ParserTests.swift */; };
		OBJ_48 /* SeriesParserTests.swift in Sources */ = {isa = PBXBuildFile; fileRef = OBJ_14 /* SeriesParserTests.swift */; };
		OBJ_51 /* TextPicker.framework in Frameworks */ = {isa = PBXBuildFile; fileRef = "TextPicker::TextPicker::Product" /* TextPicker.framework */; };
/* End PBXBuildFile section */

/* Begin PBXContainerItemProxy section */
		BA5856D222A0523000161457 /* PBXContainerItemProxy */ = {
			isa = PBXContainerItemProxy;
			containerPortal = OBJ_1 /* Project object */;
			proxyType = 1;
			remoteGlobalIDString = "TextPicker::TextPicker";
			remoteInfo = TextPicker;
		};
		BA5856D322A0523100161457 /* PBXContainerItemProxy */ = {
			isa = PBXContainerItemProxy;
			containerPortal = OBJ_1 /* Project object */;
			proxyType = 1;
			remoteGlobalIDString = "TextPicker::TextPickerTests";
			remoteInfo = TextPickerTests;
		};
/* End PBXContainerItemProxy section */

/* Begin PBXFileReference section */
		BA5856D422A0531500161457 /* Group.swift */ = {isa = PBXFileReference; fileEncoding = 4; lastKnownFileType = sourcecode.swift; path = Group.swift; sourceTree = "<group>"; };
		BA5856D622A0532200161457 /* General.swift */ = {isa = PBXFileReference; fileEncoding = 4; lastKnownFileType = sourcecode.swift; path = General.swift; sourceTree = "<group>"; };
		BA5856D822A0536A00161457 /* TestHelpers.swift */ = {isa = PBXFileReference; fileEncoding = 4; lastKnownFileType = sourcecode.swift; path = TestHelpers.swift; sourceTree = "<group>"; };
		OBJ_10 /* SeriesParser.swift */ = {isa = PBXFileReference; lastKnownFileType = sourcecode.swift; path = SeriesParser.swift; sourceTree = "<group>"; };
		OBJ_13 /* ParserTests.swift */ = {isa = PBXFileReference; lastKnownFileType = sourcecode.swift; path = ParserTests.swift; sourceTree = "<group>"; };
		OBJ_14 /* SeriesParserTests.swift */ = {isa = PBXFileReference; lastKnownFileType = sourcecode.swift; path = SeriesParserTests.swift; sourceTree = "<group>"; };
		OBJ_19 /* fastlane */ = {isa = PBXFileReference; lastKnownFileType = folder; path = fastlane; sourceTree = SOURCE_ROOT; };
		OBJ_20 /* LICENSE */ = {isa = PBXFileReference; lastKnownFileType = text; path = LICENSE; sourceTree = "<group>"; };
		OBJ_21 /* TextPicker.podspec */ = {isa = PBXFileReference; lastKnownFileType = text; path = TextPicker.podspec; sourceTree = "<group>"; };
		OBJ_22 /* README.md */ = {isa = PBXFileReference; lastKnownFileType = net.daringfireball.markdown; path = README.md; sourceTree = "<group>"; };
		OBJ_6 /* Package.swift */ = {isa = PBXFileReference; explicitFileType = sourcecode.swift; path = Package.swift; sourceTree = "<group>"; };
		OBJ_9 /* Parser.swift */ = {isa = PBXFileReference; lastKnownFileType = sourcecode.swift; path = Parser.swift; sourceTree = "<group>"; };
		"TextPicker::TextPicker::Product" /* TextPicker.framework */ = {isa = PBXFileReference; lastKnownFileType = wrapper.framework; path = TextPicker.framework; sourceTree = BUILT_PRODUCTS_DIR; };
		"TextPicker::TextPickerTests::Product" /* TextPickerTests.xctest */ = {isa = PBXFileReference; lastKnownFileType = file; path = TextPickerTests.xctest; sourceTree = BUILT_PRODUCTS_DIR; };
/* End PBXFileReference section */

/* Begin PBXFrameworksBuildPhase section */
		OBJ_30 /* Frameworks */ = {
			isa = PBXFrameworksBuildPhase;
			buildActionMask = 0;
			files = (
			);
			runOnlyForDeploymentPostprocessing = 0;
		};
		OBJ_50 /* Frameworks */ = {
			isa = PBXFrameworksBuildPhase;
			buildActionMask = 0;
			files = (
				OBJ_51 /* TextPicker.framework in Frameworks */,
			);
			runOnlyForDeploymentPostprocessing = 0;
		};
/* End PBXFrameworksBuildPhase section */

/* Begin PBXGroup section */
		OBJ_11 /* Tests */ = {
			isa = PBXGroup;
			children = (
				OBJ_12 /* TextPickerTests */,
			);
			name = Tests;
			sourceTree = SOURCE_ROOT;
		};
		OBJ_12 /* TextPickerTests */ = {
			isa = PBXGroup;
			children = (
				OBJ_13 /* ParserTests.swift */,
				OBJ_14 /* SeriesParserTests.swift */,
				BA5856D822A0536A00161457 /* TestHelpers.swift */,
			);
			name = TextPickerTests;
			path = Tests/TextPickerTests;
			sourceTree = SOURCE_ROOT;
		};
		OBJ_16 /* Products */ = {
			isa = PBXGroup;
			children = (
				"TextPicker::TextPickerTests::Product" /* TextPickerTests.xctest */,
				"TextPicker::TextPicker::Product" /* TextPicker.framework */,
			);
			name = Products;
			sourceTree = BUILT_PRODUCTS_DIR;
		};
		OBJ_5 = {
			isa = PBXGroup;
			children = (
				OBJ_6 /* Package.swift */,
				OBJ_7 /* Sources */,
				OBJ_11 /* Tests */,
				OBJ_16 /* Products */,
				OBJ_19 /* fastlane */,
				OBJ_20 /* LICENSE */,
				OBJ_21 /* TextPicker.podspec */,
				OBJ_22 /* README.md */,
			);
			sourceTree = "<group>";
		};
		OBJ_7 /* Sources */ = {
			isa = PBXGroup;
			children = (
				OBJ_8 /* TextPicker */,
			);
			name = Sources;
			sourceTree = SOURCE_ROOT;
		};
		OBJ_8 /* TextPicker */ = {
			isa = PBXGroup;
			children = (
				OBJ_9 /* Parser.swift */,
				OBJ_10 /* SeriesParser.swift */,
				BA5856D422A0531500161457 /* Group.swift */,
				BA5856D622A0532200161457 /* General.swift */,
			);
			name = TextPicker;
			path = Sources/TextPicker;
			sourceTree = SOURCE_ROOT;
		};
/* End PBXGroup section */

/* Begin PBXNativeTarget section */
		"TextPicker::SwiftPMPackageDescription" /* TextPickerPackageDescription */ = {
			isa = PBXNativeTarget;
			buildConfigurationList = OBJ_32 /* Build configuration list for PBXNativeTarget "TextPickerPackageDescription" */;
			buildPhases = (
				OBJ_35 /* Sources */,
			);
			buildRules = (
			);
			dependencies = (
			);
			name = TextPickerPackageDescription;
			productName = TextPickerPackageDescription;
			productType = "com.apple.product-type.framework";
		};
		"TextPicker::TextPicker" /* TextPicker */ = {
			isa = PBXNativeTarget;
			buildConfigurationList = OBJ_24 /* Build configuration list for PBXNativeTarget "TextPicker" */;
			buildPhases = (
				OBJ_27 /* Sources */,
				OBJ_30 /* Frameworks */,
			);
			buildRules = (
			);
			dependencies = (
			);
			name = TextPicker;
			productName = TextPicker;
			productReference = "TextPicker::TextPicker::Product" /* TextPicker.framework */;
			productType = "com.apple.product-type.framework";
		};
		"TextPicker::TextPickerTests" /* TextPickerTests */ = {
			isa = PBXNativeTarget;
			buildConfigurationList = OBJ_43 /* Build configuration list for PBXNativeTarget "TextPickerTests" */;
			buildPhases = (
				OBJ_46 /* Sources */,
				OBJ_50 /* Frameworks */,
			);
			buildRules = (
			);
			dependencies = (
				OBJ_52 /* PBXTargetDependency */,
			);
			name = TextPickerTests;
			productName = TextPickerTests;
			productReference = "TextPicker::TextPickerTests::Product" /* TextPickerTests.xctest */;
			productType = "com.apple.product-type.bundle.unit-test";
		};
/* End PBXNativeTarget section */

/* Begin PBXProject section */
		OBJ_1 /* Project object */ = {
			isa = PBXProject;
			attributes = {
				LastSwiftMigration = 9999;
				LastUpgradeCheck = 9999;
			};
			buildConfigurationList = OBJ_2 /* Build configuration list for PBXProject "TextPicker" */;
			compatibilityVersion = "Xcode 3.2";
			developmentRegion = English;
			hasScannedForEncodings = 0;
			knownRegions = (
				English,
				en,
			);
			mainGroup = OBJ_5;
			productRefGroup = OBJ_16 /* Products */;
			projectDirPath = "";
			projectRoot = "";
			targets = (
				"TextPicker::TextPicker" /* TextPicker */,
				"TextPicker::SwiftPMPackageDescription" /* TextPickerPackageDescription */,
				"TextPicker::TextPickerPackageTests::ProductTarget" /* TextPickerPackageTests */,
				"TextPicker::TextPickerTests" /* TextPickerTests */,
			);
		};
/* End PBXProject section */

/* Begin PBXSourcesBuildPhase section */
		OBJ_27 /* Sources */ = {
			isa = PBXSourcesBuildPhase;
			buildActionMask = 0;
			files = (
				BA5856D522A0531500161457 /* Group.swift in Sources */,
				OBJ_28 /* Parser.swift in Sources */,
				OBJ_29 /* SeriesParser.swift in Sources */,
				BA5856D722A0532200161457 /* General.swift in Sources */,
			);
			runOnlyForDeploymentPostprocessing = 0;
		};
		OBJ_35 /* Sources */ = {
			isa = PBXSourcesBuildPhase;
			buildActionMask = 0;
			files = (
				OBJ_36 /* Package.swift in Sources */,
			);
			runOnlyForDeploymentPostprocessing = 0;
		};
		OBJ_46 /* Sources */ = {
			isa = PBXSourcesBuildPhase;
			buildActionMask = 0;
			files = (
				OBJ_47 /* ParserTests.swift in Sources */,
				OBJ_48 /* SeriesParserTests.swift in Sources */,
				BA5856D922A0536A00161457 /* TestHelpers.swift in Sources */,
			);
			runOnlyForDeploymentPostprocessing = 0;
		};
/* End PBXSourcesBuildPhase section */

/* Begin PBXTargetDependency section */
		OBJ_41 /* PBXTargetDependency */ = {
			isa = PBXTargetDependency;
			target = "TextPicker::TextPickerTests" /* TextPickerTests */;
			targetProxy = BA5856D322A0523100161457 /* PBXContainerItemProxy */;
		};
		OBJ_52 /* PBXTargetDependency */ = {
			isa = PBXTargetDependency;
			target = "TextPicker::TextPicker" /* TextPicker */;
			targetProxy = BA5856D222A0523000161457 /* PBXContainerItemProxy */;
		};
/* End PBXTargetDependency section */

/* Begin XCBuildConfiguration section */
		OBJ_25 /* Debug */ = {
			isa = XCBuildConfiguration;
			buildSettings = {
				ENABLE_TESTABILITY = YES;
				FRAMEWORK_SEARCH_PATHS = (
					"$(inherited)",
					"$(PLATFORM_DIR)/Developer/Library/Frameworks",
				);
				HEADER_SEARCH_PATHS = "$(inherited)";
				INFOPLIST_FILE = TextPicker.xcodeproj/TextPicker_Info.plist;
				IPHONEOS_DEPLOYMENT_TARGET = 8.0;
				LD_RUNPATH_SEARCH_PATHS = "$(inherited) $(TOOLCHAIN_DIR)/usr/lib/swift/macosx";
				MACOSX_DEPLOYMENT_TARGET = 10.10;
				OTHER_CFLAGS = "$(inherited)";
				OTHER_LDFLAGS = "$(inherited)";
				OTHER_SWIFT_FLAGS = "$(inherited)";
				PRODUCT_BUNDLE_IDENTIFIER = TextPicker;
				PRODUCT_MODULE_NAME = "$(TARGET_NAME:c99extidentifier)";
				PRODUCT_NAME = "$(TARGET_NAME:c99extidentifier)";
				SKIP_INSTALL = YES;
				SWIFT_ACTIVE_COMPILATION_CONDITIONS = "$(inherited)";
				SWIFT_VERSION = 5.0;
				TARGET_NAME = TextPicker;
				TVOS_DEPLOYMENT_TARGET = 9.0;
				WATCHOS_DEPLOYMENT_TARGET = 2.0;
			};
			name = Debug;
		};
		OBJ_26 /* Release */ = {
			isa = XCBuildConfiguration;
			buildSettings = {
				ENABLE_TESTABILITY = YES;
				FRAMEWORK_SEARCH_PATHS = (
					"$(inherited)",
					"$(PLATFORM_DIR)/Developer/Library/Frameworks",
				);
				HEADER_SEARCH_PATHS = "$(inherited)";
				INFOPLIST_FILE = TextPicker.xcodeproj/TextPicker_Info.plist;
				IPHONEOS_DEPLOYMENT_TARGET = 8.0;
				LD_RUNPATH_SEARCH_PATHS = "$(inherited) $(TOOLCHAIN_DIR)/usr/lib/swift/macosx";
				MACOSX_DEPLOYMENT_TARGET = 10.10;
				OTHER_CFLAGS = "$(inherited)";
				OTHER_LDFLAGS = "$(inherited)";
				OTHER_SWIFT_FLAGS = "$(inherited)";
				PRODUCT_BUNDLE_IDENTIFIER = TextPicker;
				PRODUCT_MODULE_NAME = "$(TARGET_NAME:c99extidentifier)";
				PRODUCT_NAME = "$(TARGET_NAME:c99extidentifier)";
				SKIP_INSTALL = YES;
				SWIFT_ACTIVE_COMPILATION_CONDITIONS = "$(inherited)";
				SWIFT_VERSION = 5.0;
				TARGET_NAME = TextPicker;
				TVOS_DEPLOYMENT_TARGET = 9.0;
				WATCHOS_DEPLOYMENT_TARGET = 2.0;
			};
			name = Release;
		};
		OBJ_3 /* Debug */ = {
			isa = XCBuildConfiguration;
			buildSettings = {
				CLANG_ENABLE_OBJC_ARC = YES;
				COMBINE_HIDPI_IMAGES = YES;
				COPY_PHASE_STRIP = NO;
				DEBUG_INFORMATION_FORMAT = dwarf;
				DYLIB_INSTALL_NAME_BASE = "@rpath";
				ENABLE_NS_ASSERTIONS = YES;
				GCC_OPTIMIZATION_LEVEL = 0;
				GCC_PREPROCESSOR_DEFINITIONS = (
					"$(inherited)",
					"SWIFT_PACKAGE=1",
					"DEBUG=1",
				);
				MACOSX_DEPLOYMENT_TARGET = 10.10;
				ONLY_ACTIVE_ARCH = YES;
				OTHER_SWIFT_FLAGS = "-DXcode";
				PRODUCT_NAME = "$(TARGET_NAME)";
				SDKROOT = macosx;
				SUPPORTED_PLATFORMS = "macosx iphoneos iphonesimulator appletvos appletvsimulator watchos watchsimulator";
				SWIFT_ACTIVE_COMPILATION_CONDITIONS = "$(inherited) SWIFT_PACKAGE DEBUG";
				SWIFT_OPTIMIZATION_LEVEL = "-Onone";
				USE_HEADERMAP = NO;
			};
			name = Debug;
		};
		OBJ_33 /* Debug */ = {
			isa = XCBuildConfiguration;
			buildSettings = {
				LD = /usr/bin/true;
				OTHER_SWIFT_FLAGS = "-swift-version 5 -I $(TOOLCHAIN_DIR)/usr/lib/swift/pm/4_2 -target x86_64-apple-macosx10.10 -sdk /Applications/Xcode.app/Contents/Developer/Platforms/MacOSX.platform/Developer/SDKs/MacOSX10.14.sdk";
				SWIFT_VERSION = 5.0;
			};
			name = Debug;
		};
		OBJ_34 /* Release */ = {
			isa = XCBuildConfiguration;
			buildSettings = {
				LD = /usr/bin/true;
				OTHER_SWIFT_FLAGS = "-swift-version 5 -I $(TOOLCHAIN_DIR)/usr/lib/swift/pm/4_2 -target x86_64-apple-macosx10.10 -sdk /Applications/Xcode.app/Contents/Developer/Platforms/MacOSX.platform/Developer/SDKs/MacOSX10.14.sdk";
				SWIFT_VERSION = 5.0;
			};
			name = Release;
		};
		OBJ_39 /* Debug */ = {
			isa = XCBuildConfiguration;
			buildSettings = {
			};
			name = Debug;
		};
		OBJ_4 /* Release */ = {
			isa = XCBuildConfiguration;
			buildSettings = {
				CLANG_ENABLE_OBJC_ARC = YES;
				COMBINE_HIDPI_IMAGES = YES;
				COPY_PHASE_STRIP = YES;
				DEBUG_INFORMATION_FORMAT = "dwarf-with-dsym";
				DYLIB_INSTALL_NAME_BASE = "@rpath";
				GCC_OPTIMIZATION_LEVEL = s;
				GCC_PREPROCESSOR_DEFINITIONS = (
					"$(inherited)",
					"SWIFT_PACKAGE=1",
				);
				MACOSX_DEPLOYMENT_TARGET = 10.10;
				OTHER_SWIFT_FLAGS = "-DXcode";
				PRODUCT_NAME = "$(TARGET_NAME)";
				SDKROOT = macosx;
				SUPPORTED_PLATFORMS = "macosx iphoneos iphonesimulator appletvos appletvsimulator watchos watchsimulator";
				SWIFT_ACTIVE_COMPILATION_CONDITIONS = "$(inherited) SWIFT_PACKAGE";
				SWIFT_OPTIMIZATION_LEVEL = "-Owholemodule";
				USE_HEADERMAP = NO;
			};
			name = Release;
		};
		OBJ_40 /* Release */ = {
			isa = XCBuildConfiguration;
			buildSettings = {
			};
			name = Release;
		};
		OBJ_44 /* Debug */ = {
			isa = XCBuildConfiguration;
			buildSettings = {
				CLANG_ENABLE_MODULES = YES;
				EMBEDDED_CONTENT_CONTAINS_SWIFT = YES;
				FRAMEWORK_SEARCH_PATHS = (
					"$(inherited)",
					"$(PLATFORM_DIR)/Developer/Library/Frameworks",
				);
				HEADER_SEARCH_PATHS = "$(inherited)";
				INFOPLIST_FILE = TextPicker.xcodeproj/TextPickerTests_Info.plist;
				IPHONEOS_DEPLOYMENT_TARGET = 8.0;
				LD_RUNPATH_SEARCH_PATHS = "$(inherited) @loader_path/../Frameworks @loader_path/Frameworks";
				MACOSX_DEPLOYMENT_TARGET = 10.10;
				OTHER_CFLAGS = "$(inherited)";
				OTHER_LDFLAGS = "$(inherited)";
				OTHER_SWIFT_FLAGS = "$(inherited)";
				SWIFT_ACTIVE_COMPILATION_CONDITIONS = "$(inherited)";
				SWIFT_VERSION = 5.0;
				TARGET_NAME = TextPickerTests;
				TVOS_DEPLOYMENT_TARGET = 9.0;
				WATCHOS_DEPLOYMENT_TARGET = 2.0;
			};
			name = Debug;
		};
		OBJ_45 /* Release */ = {
			isa = XCBuildConfiguration;
			buildSettings = {
				CLANG_ENABLE_MODULES = YES;
				EMBEDDED_CONTENT_CONTAINS_SWIFT = YES;
				FRAMEWORK_SEARCH_PATHS = (
					"$(inherited)",
					"$(PLATFORM_DIR)/Developer/Library/Frameworks",
				);
				HEADER_SEARCH_PATHS = "$(inherited)";
				INFOPLIST_FILE = TextPicker.xcodeproj/TextPickerTests_Info.plist;
				IPHONEOS_DEPLOYMENT_TARGET = 8.0;
				LD_RUNPATH_SEARCH_PATHS = "$(inherited) @loader_path/../Frameworks @loader_path/Frameworks";
				MACOSX_DEPLOYMENT_TARGET = 10.10;
				OTHER_CFLAGS = "$(inherited)";
				OTHER_LDFLAGS = "$(inherited)";
				OTHER_SWIFT_FLAGS = "$(inherited)";
				SWIFT_ACTIVE_COMPILATION_CONDITIONS = "$(inherited)";
				SWIFT_VERSION = 5.0;
				TARGET_NAME = TextPickerTests;
				TVOS_DEPLOYMENT_TARGET = 9.0;
				WATCHOS_DEPLOYMENT_TARGET = 2.0;
			};
			name = Release;
		};
/* End XCBuildConfiguration section */

/* Begin XCConfigurationList section */
		OBJ_2 /* Build configuration list for PBXProject "TextPicker" */ = {
			isa = XCConfigurationList;
			buildConfigurations = (
				OBJ_3 /* Debug */,
				OBJ_4 /* Release */,
			);
			defaultConfigurationIsVisible = 0;
			defaultConfigurationName = Release;
		};
		OBJ_24 /* Build configuration list for PBXNativeTarget "TextPicker" */ = {
			isa = XCConfigurationList;
			buildConfigurations = (
				OBJ_25 /* Debug */,
				OBJ_26 /* Release */,
			);
			defaultConfigurationIsVisible = 0;
			defaultConfigurationName = Release;
		};
		OBJ_32 /* Build configuration list for PBXNativeTarget "TextPickerPackageDescription" */ = {
			isa = XCConfigurationList;
			buildConfigurations = (
				OBJ_33 /* Debug */,
				OBJ_34 /* Release */,
			);
			defaultConfigurationIsVisible = 0;
			defaultConfigurationName = Release;
		};
		OBJ_38 /* Build configuration list for PBXAggregateTarget "TextPickerPackageTests" */ = {
			isa = XCConfigurationList;
			buildConfigurations = (
				OBJ_39 /* Debug */,
				OBJ_40 /* Release */,
			);
			defaultConfigurationIsVisible = 0;
			defaultConfigurationName = Release;
		};
		OBJ_43 /* Build configuration list for PBXNativeTarget "TextPickerTests" */ = {
			isa = XCConfigurationList;
			buildConfigurations = (
				OBJ_44 /* Debug */,
				OBJ_45 /* Release */,
			);
			defaultConfigurationIsVisible = 0;
			defaultConfigurationName = Release;
		};
/* End XCConfigurationList section */
	};
	rootObject = OBJ_1 /* Project object */;
}
